
Microsoft Visual Studio Solution File, Format Version 12.00
# Visual Studio Version 17
VisualStudioVersion = 17.3.32825.248
MinimumVisualStudioVersion = 10.0.40219.1
Project("{FAE04EC0-301F-11D3-BF4B-00C04F79EFBC}") = "LabUygulamalar", "LabUygulamalar\LabUygulamalar.csproj", "{67808A3C-5764-4108-AE1C-66FC56CB9539}"
EndProject
Global
	GlobalSection(SolutionConfigurationPlatforms) = preSolution
		Debug|Any CPU = Debug|Any CPU
		Release|Any CPU = Release|Any CPU
	EndGlobalSection
	GlobalSection(ProjectConfigurationPlatforms) = postSolution
		{67808A3C-5764-4108-AE1C-66FC56CB9539}.Debug|Any CPU.ActiveCfg = Debug|Any CPU
		{67808A3C-5764-4108-AE1C-66FC56CB9539}.Debug|Any CPU.Build.0 = Debug|Any CPU
		{67808A3C-5764-4108-AE1C-66FC56CB9539}.Release|Any CPU.ActiveCfg = Release|Any CPU
		{67808A3C-5764-4108-AE1C-66FC56CB9539}.Release|Any CPU.Build.0 = Release|Any CPU
	EndGlobalSection
	GlobalSection(SolutionProperties) = preSolution
		HideSolutionNode = FALSE
	EndGlobalSection
	GlobalSection(ExtensibilityGlobals) = postSolution
		SolutionGuid = {41B7008A-9939-4CC6-A01D-434CD28BC222}
	EndGlobalSection
EndGlobal
